// !$*UTF8*$!
{
	archiveVersion = 1;
	classes = {
	};
	objectVersion = 46;
	objects = {

/* Begin PBXBuildFile section */
		13B3E7B1A326BFDA7A2C8BB2 /* Pods.framework in Frameworks */ = {isa = PBXBuildFile; fileRef = D5D6D51766CCDF65CADD295E /* Pods.framework */; };
		89044AEC1CCF48BF00AB8E78 /* String+Category.swift in Sources */ = {isa = PBXBuildFile; fileRef = 89044AEB1CCF48BF00AB8E78 /* String+Category.swift */; };
		89044AF31CCF5B8800AB8E78 /* OAuthViewController.swift in Sources */ = {isa = PBXBuildFile; fileRef = 89044AF11CCF5B8800AB8E78 /* OAuthViewController.swift */; };
		89044AF41CCF5B8800AB8E78 /* UserAccount.swift in Sources */ = {isa = PBXBuildFile; fileRef = 89044AF21CCF5B8800AB8E78 /* UserAccount.swift */; };
		89044AFA1CCF5C5C00AB8E78 /* DiscoverTableViewController.swift in Sources */ = {isa = PBXBuildFile; fileRef = 89044AF91CCF5C5C00AB8E78 /* DiscoverTableViewController.swift */; };
		890C9BCC1CC9BEEF003B781E /* AppDelegate.swift in Sources */ = {isa = PBXBuildFile; fileRef = 890C9BCB1CC9BEEF003B781E /* AppDelegate.swift */; };
		890C9BD31CC9BEEF003B781E /* Assets.xcassets in Resources */ = {isa = PBXBuildFile; fileRef = 890C9BD21CC9BEEF003B781E /* Assets.xcassets */; };
		890C9BE11CC9BEF0003B781E /* GiantWeiboTests.swift in Sources */ = {isa = PBXBuildFile; fileRef = 890C9BE01CC9BEF0003B781E /* GiantWeiboTests.swift */; };
		890C9BEC1CC9BEF0003B781E /* GiantWeiboUITests.swift in Sources */ = {isa = PBXBuildFile; fileRef = 890C9BEB1CC9BEF0003B781E /* GiantWeiboUITests.swift */; };
		890C9C021CC9C441003B781E /* MainViewController.swift in Sources */ = {isa = PBXBuildFile; fileRef = 890C9C011CC9C441003B781E /* MainViewController.swift */; };
		890C9C041CC9C45F003B781E /* HomeTableViewController.swift in Sources */ = {isa = PBXBuildFile; fileRef = 890C9C031CC9C45F003B781E /* HomeTableViewController.swift */; };
		890C9C081CC9C61F003B781E /* MessageTableViewController.swift in Sources */ = {isa = PBXBuildFile; fileRef = 890C9C071CC9C61F003B781E /* MessageTableViewController.swift */; };
		890C9C0A1CC9C63C003B781E /* ProfileTableViewController.swift in Sources */ = {isa = PBXBuildFile; fileRef = 890C9C091CC9C63C003B781E /* ProfileTableViewController.swift */; };
		890C9C0E1CC9CB79003B781E /* MainVCSettings.json in Resources */ = {isa = PBXBuildFile; fileRef = 890C9C0C1CC9CB79003B781E /* MainVCSettings.json */; };
		890C9C0F1CC9CB79003B781E /* NullViewController.swift in Sources */ = {isa = PBXBuildFile; fileRef = 890C9C0D1CC9CB79003B781E /* NullViewController.swift */; };
		890C9C111CC9EFF8003B781E /* BaseTableViewController.swift in Sources */ = {isa = PBXBuildFile; fileRef = 890C9C101CC9EFF7003B781E /* BaseTableViewController.swift */; };
		890C9C131CC9F2F5003B781E /* VisitorView.swift in Sources */ = {isa = PBXBuildFile; fileRef = 890C9C121CC9F2F5003B781E /* VisitorView.swift */; };
		890C9C151CC9F6F9003B781E /* UIView+AutoLayout.swift in Sources */ = {isa = PBXBuildFile; fileRef = 890C9C141CC9F6F9003B781E /* UIView+AutoLayout.swift */; };
		890C9C171CCA0C45003B781E /* UIBarButtonItem+Category.swift in Sources */ = {isa = PBXBuildFile; fileRef = 890C9C161CCA0C45003B781E /* UIBarButtonItem+Category.swift */; };
		890C9C1B1CCA0E43003B781E /* TitleButton.swift in Sources */ = {isa = PBXBuildFile; fileRef = 890C9C1A1CCA0E43003B781E /* TitleButton.swift */; };
		890C9C201CCA195A003B781E /* PopverViewController.storyboard in Resources */ = {isa = PBXBuildFile; fileRef = 890C9C1F1CCA195A003B781E /* PopverViewController.storyboard */; };
		890C9C221CCA1B2B003B781E /* PopoverPresentationController.swift in Sources */ = {isa = PBXBuildFile; fileRef = 890C9C211CCA1B2B003B781E /* PopoverPresentationController.swift */; };
		890C9C241CCA1C6E003B781E /* PopoverViewController.swift in Sources */ = {isa = PBXBuildFile; fileRef = 890C9C231CCA1C6E003B781E /* PopoverViewController.swift */; };
		890D2F461CCF6AF9001E0AC7 /* NewfeatureCollectionView.swift in Sources */ = {isa = PBXBuildFile; fileRef = 890D2F451CCF6AF9001E0AC7 /* NewfeatureCollectionView.swift */; };
		89526A361CCF19E80093C4A7 /* NetworkTools.swift in Sources */ = {isa = PBXBuildFile; fileRef = 89526A351CCF19E80093C4A7 /* NetworkTools.swift */; };
		897CD1E01CCDA54500725A18 /* PopoverAnimator.swift in Sources */ = {isa = PBXBuildFile; fileRef = 897CD1DF1CCDA54500725A18 /* PopoverAnimator.swift */; };
		897CD1E31CCDAD1F00725A18 /* QRCoderViewController.storyboard in Resources */ = {isa = PBXBuildFile; fileRef = 897CD1E21CCDAD1F00725A18 /* QRCoderViewController.storyboard */; };
		897CD1E51CCDAE7400725A18 /* QRCoderViewController.swift in Sources */ = {isa = PBXBuildFile; fileRef = 897CD1E41CCDAE7400725A18 /* QRCoderViewController.swift */; };
		897CD2211CCDEE5900725A18 /* QRcodeCardViewController.swift in Sources */ = {isa = PBXBuildFile; fileRef = 897CD2201CCDEE5900725A18 /* QRcodeCardViewController.swift */; };
		897CD2231CCDF3F600725A18 /* nange.jpg in Resources */ = {isa = PBXBuildFile; fileRef = 897CD2221CCDF3F600725A18 /* nange.jpg */; };
/* End PBXBuildFile section */

/* Begin PBXContainerItemProxy section */
		890C9BDD1CC9BEF0003B781E /* PBXContainerItemProxy */ = {
			isa = PBXContainerItemProxy;
			containerPortal = 890C9BC01CC9BEEF003B781E /* Project object */;
			proxyType = 1;
			remoteGlobalIDString = 890C9BC71CC9BEEF003B781E;
			remoteInfo = GiantWeibo;
		};
		890C9BE81CC9BEF0003B781E /* PBXContainerItemProxy */ = {
			isa = PBXContainerItemProxy;
			containerPortal = 890C9BC01CC9BEEF003B781E /* Project object */;
			proxyType = 1;
			remoteGlobalIDString = 890C9BC71CC9BEEF003B781E;
			remoteInfo = GiantWeibo;
		};
/* End PBXContainerItemProxy section */

/* Begin PBXFileReference section */
		4536AE5FD056DC63727D7E39 /* Pods.debug.xcconfig */ = {isa = PBXFileReference; includeInIndex = 1; lastKnownFileType = text.xcconfig; name = Pods.debug.xcconfig; path = "Pods/Target Support Files/Pods/Pods.debug.xcconfig"; sourceTree = "<group>"; };
		54A6862B2C3BFC73D7B18621 /* Pods.release.xcconfig */ = {isa = PBXFileReference; includeInIndex = 1; lastKnownFileType = text.xcconfig; name = Pods.release.xcconfig; path = "Pods/Target Support Files/Pods/Pods.release.xcconfig"; sourceTree = "<group>"; };
		89044AEB1CCF48BF00AB8E78 /* String+Category.swift */ = {isa = PBXFileReference; fileEncoding = 4; lastKnownFileType = sourcecode.swift; path = "String+Category.swift"; sourceTree = "<group>"; };
		89044AF11CCF5B8800AB8E78 /* OAuthViewController.swift */ = {isa = PBXFileReference; fileEncoding = 4; lastKnownFileType = sourcecode.swift; path = OAuthViewController.swift; sourceTree = "<group>"; };
		89044AF21CCF5B8800AB8E78 /* UserAccount.swift */ = {isa = PBXFileReference; fileEncoding = 4; lastKnownFileType = sourcecode.swift; path = UserAccount.swift; sourceTree = "<group>"; };
		89044AF91CCF5C5C00AB8E78 /* DiscoverTableViewController.swift */ = {isa = PBXFileReference; fileEncoding = 4; lastKnownFileType = sourcecode.swift; name = DiscoverTableViewController.swift; path = ../../../../../../Documents/DiscoverTableViewController.swift; sourceTree = "<group>"; };
		890C9BC81CC9BEEF003B781E /* GiantWeibo.app */ = {isa = PBXFileReference; explicitFileType = wrapper.application; includeInIndex = 0; path = GiantWeibo.app; sourceTree = BUILT_PRODUCTS_DIR; };
		890C9BCB1CC9BEEF003B781E /* AppDelegate.swift */ = {isa = PBXFileReference; lastKnownFileType = sourcecode.swift; path = AppDelegate.swift; sourceTree = "<group>"; };
		890C9BD21CC9BEEF003B781E /* Assets.xcassets */ = {isa = PBXFileReference; lastKnownFileType = folder.assetcatalog; path = Assets.xcassets; sourceTree = "<group>"; };
		890C9BD71CC9BEF0003B781E /* Info.plist */ = {isa = PBXFileReference; lastKnownFileType = text.plist.xml; path = Info.plist; sourceTree = "<group>"; };
		890C9BDC1CC9BEF0003B781E /* GiantWeiboTests.xctest */ = {isa = PBXFileReference; explicitFileType = wrapper.cfbundle; includeInIndex = 0; path = GiantWeiboTests.xctest; sourceTree = BUILT_PRODUCTS_DIR; };
		890C9BE01CC9BEF0003B781E /* GiantWeiboTests.swift */ = {isa = PBXFileReference; lastKnownFileType = sourcecode.swift; path = GiantWeiboTests.swift; sourceTree = "<group>"; };
		890C9BE21CC9BEF0003B781E /* Info.plist */ = {isa = PBXFileReference; lastKnownFileType = text.plist.xml; path = Info.plist; sourceTree = "<group>"; };
		890C9BE71CC9BEF0003B781E /* GiantWeiboUITests.xctest */ = {isa = PBXFileReference; explicitFileType = wrapper.cfbundle; includeInIndex = 0; path = GiantWeiboUITests.xctest; sourceTree = BUILT_PRODUCTS_DIR; };
		890C9BEB1CC9BEF0003B781E /* GiantWeiboUITests.swift */ = {isa = PBXFileReference; lastKnownFileType = sourcecode.swift; path = GiantWeiboUITests.swift; sourceTree = "<group>"; };
		890C9BED1CC9BEF0003B781E /* Info.plist */ = {isa = PBXFileReference; lastKnownFileType = text.plist.xml; path = Info.plist; sourceTree = "<group>"; };
		890C9C011CC9C441003B781E /* MainViewController.swift */ = {isa = PBXFileReference; fileEncoding = 4; lastKnownFileType = sourcecode.swift; path = MainViewController.swift; sourceTree = "<group>"; };
		890C9C031CC9C45F003B781E /* HomeTableViewController.swift */ = {isa = PBXFileReference; fileEncoding = 4; lastKnownFileType = sourcecode.swift; path = HomeTableViewController.swift; sourceTree = "<group>"; };
		890C9C071CC9C61F003B781E /* MessageTableViewController.swift */ = {isa = PBXFileReference; fileEncoding = 4; lastKnownFileType = sourcecode.swift; path = MessageTableViewController.swift; sourceTree = "<group>"; };
		890C9C091CC9C63C003B781E /* ProfileTableViewController.swift */ = {isa = PBXFileReference; fileEncoding = 4; lastKnownFileType = sourcecode.swift; path = ProfileTableViewController.swift; sourceTree = "<group>"; };
		890C9C0C1CC9CB79003B781E /* MainVCSettings.json */ = {isa = PBXFileReference; fileEncoding = 4; lastKnownFileType = text.json; path = MainVCSettings.json; sourceTree = "<group>"; };
		890C9C0D1CC9CB79003B781E /* NullViewController.swift */ = {isa = PBXFileReference; fileEncoding = 4; lastKnownFileType = sourcecode.swift; path = NullViewController.swift; sourceTree = "<group>"; };
		890C9C101CC9EFF7003B781E /* BaseTableViewController.swift */ = {isa = PBXFileReference; fileEncoding = 4; lastKnownFileType = sourcecode.swift; path = BaseTableViewController.swift; sourceTree = "<group>"; };
		890C9C121CC9F2F5003B781E /* VisitorView.swift */ = {isa = PBXFileReference; fileEncoding = 4; lastKnownFileType = sourcecode.swift; path = VisitorView.swift; sourceTree = "<group>"; };
		890C9C141CC9F6F9003B781E /* UIView+AutoLayout.swift */ = {isa = PBXFileReference; fileEncoding = 4; lastKnownFileType = sourcecode.swift; path = "UIView+AutoLayout.swift"; sourceTree = "<group>"; };
		890C9C161CCA0C45003B781E /* UIBarButtonItem+Category.swift */ = {isa = PBXFileReference; fileEncoding = 4; lastKnownFileType = sourcecode.swift; path = "UIBarButtonItem+Category.swift"; sourceTree = "<group>"; };
		890C9C1A1CCA0E43003B781E /* TitleButton.swift */ = {isa = PBXFileReference; fileEncoding = 4; lastKnownFileType = sourcecode.swift; path = TitleButton.swift; sourceTree = "<group>"; };
		890C9C1F1CCA195A003B781E /* PopverViewController.storyboard */ = {isa = PBXFileReference; fileEncoding = 4; lastKnownFileType = file.storyboard; path = PopverViewController.storyboard; sourceTree = "<group>"; };
		890C9C211CCA1B2B003B781E /* PopoverPresentationController.swift */ = {isa = PBXFileReference; fileEncoding = 4; lastKnownFileType = sourcecode.swift; path = PopoverPresentationController.swift; sourceTree = "<group>"; };
		890C9C231CCA1C6E003B781E /* PopoverViewController.swift */ = {isa = PBXFileReference; fileEncoding = 4; lastKnownFileType = sourcecode.swift; path = PopoverViewController.swift; sourceTree = "<group>"; };
		890D2F451CCF6AF9001E0AC7 /* NewfeatureCollectionView.swift */ = {isa = PBXFileReference; fileEncoding = 4; lastKnownFileType = sourcecode.swift; path = NewfeatureCollectionView.swift; sourceTree = "<group>"; };
		89526A351CCF19E80093C4A7 /* NetworkTools.swift */ = {isa = PBXFileReference; fileEncoding = 4; lastKnownFileType = sourcecode.swift; path = NetworkTools.swift; sourceTree = "<group>"; };
		897CD1DF1CCDA54500725A18 /* PopoverAnimator.swift */ = {isa = PBXFileReference; fileEncoding = 4; lastKnownFileType = sourcecode.swift; path = PopoverAnimator.swift; sourceTree = "<group>"; };
		897CD1E21CCDAD1F00725A18 /* QRCoderViewController.storyboard */ = {isa = PBXFileReference; fileEncoding = 4; lastKnownFileType = file.storyboard; path = QRCoderViewController.storyboard; sourceTree = "<group>"; };
		897CD1E41CCDAE7400725A18 /* QRCoderViewController.swift */ = {isa = PBXFileReference; fileEncoding = 4; lastKnownFileType = sourcecode.swift; path = QRCoderViewController.swift; sourceTree = "<group>"; };
		897CD2201CCDEE5900725A18 /* QRcodeCardViewController.swift */ = {isa = PBXFileReference; fileEncoding = 4; lastKnownFileType = sourcecode.swift; path = QRcodeCardViewController.swift; sourceTree = "<group>"; };
		897CD2221CCDF3F600725A18 /* nange.jpg */ = {isa = PBXFileReference; lastKnownFileType = image.jpeg; path = nange.jpg; sourceTree = "<group>"; };
		89DA68551CCE15D900955428 /* GiantWeibo-Bridging-Header.h */ = {isa = PBXFileReference; lastKnownFileType = sourcecode.c.h; name = "GiantWeibo-Bridging-Header.h"; path = "Classes/Main/GiantWeibo-Bridging-Header.h"; sourceTree = "<group>"; };
		D5D6D51766CCDF65CADD295E /* Pods.framework */ = {isa = PBXFileReference; explicitFileType = wrapper.framework; includeInIndex = 0; path = Pods.framework; sourceTree = BUILT_PRODUCTS_DIR; };
/* End PBXFileReference section */

/* Begin PBXFrameworksBuildPhase section */
		890C9BC51CC9BEEF003B781E /* Frameworks */ = {
			isa = PBXFrameworksBuildPhase;
			buildActionMask = 2147483647;
			files = (
				13B3E7B1A326BFDA7A2C8BB2 /* Pods.framework in Frameworks */,
			);
			runOnlyForDeploymentPostprocessing = 0;
		};
		890C9BD91CC9BEF0003B781E /* Frameworks */ = {
			isa = PBXFrameworksBuildPhase;
			buildActionMask = 2147483647;
			files = (
			);
			runOnlyForDeploymentPostprocessing = 0;
		};
		890C9BE41CC9BEF0003B781E /* Frameworks */ = {
			isa = PBXFrameworksBuildPhase;
			buildActionMask = 2147483647;
			files = (
			);
			runOnlyForDeploymentPostprocessing = 0;
		};
/* End PBXFrameworksBuildPhase section */

/* Begin PBXGroup section */
		89044AFB1CCF5C9A00AB8E78 /* Discover */ = {
			isa = PBXGroup;
			children = (
				89044AF91CCF5C5C00AB8E78 /* DiscoverTableViewController.swift */,
			);
			path = Discover;
			sourceTree = "<group>";
		};
		890C9BBF1CC9BEEF003B781E = {
			isa = PBXGroup;
			children = (
				890C9BCA1CC9BEEF003B781E /* GiantWeibo */,
				890C9BDF1CC9BEF0003B781E /* GiantWeiboTests */,
				890C9BEA1CC9BEF0003B781E /* GiantWeiboUITests */,
				890C9BC91CC9BEEF003B781E /* Products */,
				8A1A7F27ABDD4383F044864F /* Pods */,
				AAE0F29B6007EDE7A94876D5 /* Frameworks */,
			);
			sourceTree = "<group>";
		};
		890C9BC91CC9BEEF003B781E /* Products */ = {
			isa = PBXGroup;
			children = (
				890C9BC81CC9BEEF003B781E /* GiantWeibo.app */,
				890C9BDC1CC9BEF0003B781E /* GiantWeiboTests.xctest */,
				890C9BE71CC9BEF0003B781E /* GiantWeiboUITests.xctest */,
			);
			name = Products;
			sourceTree = "<group>";
		};
		890C9BCA1CC9BEEF003B781E /* GiantWeibo */ = {
			isa = PBXGroup;
			children = (
				890C9BCB1CC9BEEF003B781E /* AppDelegate.swift */,
				89DA68551CCE15D900955428 /* GiantWeibo-Bridging-Header.h */,
				890C9BF91CC9C3A5003B781E /* Classes */,
				890C9BD21CC9BEEF003B781E /* Assets.xcassets */,
				890C9BD71CC9BEF0003B781E /* Info.plist */,
			);
			path = GiantWeibo;
			sourceTree = "<group>";
		};
		890C9BDF1CC9BEF0003B781E /* GiantWeiboTests */ = {
			isa = PBXGroup;
			children = (
				890C9BE01CC9BEF0003B781E /* GiantWeiboTests.swift */,
				890C9BE21CC9BEF0003B781E /* Info.plist */,
			);
			path = GiantWeiboTests;
			sourceTree = "<group>";
		};
		890C9BEA1CC9BEF0003B781E /* GiantWeiboUITests */ = {
			isa = PBXGroup;
			children = (
				890C9BEB1CC9BEF0003B781E /* GiantWeiboUITests.swift */,
				890C9BED1CC9BEF0003B781E /* Info.plist */,
			);
			path = GiantWeiboUITests;
			sourceTree = "<group>";
		};
		890C9BF91CC9C3A5003B781E /* Classes */ = {
			isa = PBXGroup;
			children = (
				890D2F441CCF6ACE001E0AC7 /* NewFeature */,
				89044AFB1CCF5C9A00AB8E78 /* Discover */,
				89526A321CCF0A780093C4A7 /* OAuth */,
				890C9BFA1CC9C3A5003B781E /* Common */,
				890C9BFC1CC9C3A5003B781E /* Home */,
				890C9BFD1CC9C3A5003B781E /* Main */,
				890C9BFE1CC9C3A5003B781E /* Message */,
				890C9BFF1CC9C3A5003B781E /* Profile */,
				890C9C001CC9C3A5003B781E /* Tools */,
			);
			path = Classes;
			sourceTree = "<group>";
		};
		890C9BFA1CC9C3A5003B781E /* Common */ = {
			isa = PBXGroup;
			children = (
				890C9C161CCA0C45003B781E /* UIBarButtonItem+Category.swift */,
				890C9C1A1CCA0E43003B781E /* TitleButton.swift */,
			);
			path = Common;
			sourceTree = "<group>";
		};
		890C9BFC1CC9C3A5003B781E /* Home */ = {
			isa = PBXGroup;
			children = (
				897CD1E11CCDAD0C00725A18 /* QRCode */,
				890C9C1C1CCA1634003B781E /* Popover */,
				890C9C031CC9C45F003B781E /* HomeTableViewController.swift */,
			);
			path = Home;
			sourceTree = "<group>";
		};
		890C9BFD1CC9C3A5003B781E /* Main */ = {
			isa = PBXGroup;
			children = (
				890C9C0B1CC9CB79003B781E /* Resource */,
				890C9C011CC9C441003B781E /* MainViewController.swift */,
				890C9C101CC9EFF7003B781E /* BaseTableViewController.swift */,
				890C9C121CC9F2F5003B781E /* VisitorView.swift */,
			);
			path = Main;
			sourceTree = "<group>";
		};
		890C9BFE1CC9C3A5003B781E /* Message */ = {
			isa = PBXGroup;
			children = (
				890C9C071CC9C61F003B781E /* MessageTableViewController.swift */,
			);
			path = Message;
			sourceTree = "<group>";
		};
		890C9BFF1CC9C3A5003B781E /* Profile */ = {
			isa = PBXGroup;
			children = (
				890C9C091CC9C63C003B781E /* ProfileTableViewController.swift */,
			);
			path = Profile;
			sourceTree = "<group>";
		};
		890C9C001CC9C3A5003B781E /* Tools */ = {
			isa = PBXGroup;
			children = (
				890C9C141CC9F6F9003B781E /* UIView+AutoLayout.swift */,
				89526A351CCF19E80093C4A7 /* NetworkTools.swift */,
				89044AEB1CCF48BF00AB8E78 /* String+Category.swift */,
			);
			path = Tools;
			sourceTree = "<group>";
		};
		890C9C0B1CC9CB79003B781E /* Resource */ = {
			isa = PBXGroup;
			children = (
				890C9C0C1CC9CB79003B781E /* MainVCSettings.json */,
				890C9C0D1CC9CB79003B781E /* NullViewController.swift */,
			);
			path = Resource;
			sourceTree = "<group>";
		};
		890C9C1C1CCA1634003B781E /* Popover */ = {
			isa = PBXGroup;
			children = (
				890C9C1F1CCA195A003B781E /* PopverViewController.storyboard */,
				890C9C231CCA1C6E003B781E /* PopoverViewController.swift */,
				890C9C211CCA1B2B003B781E /* PopoverPresentationController.swift */,
				897CD1DF1CCDA54500725A18 /* PopoverAnimator.swift */,
			);
			path = Popover;
			sourceTree = "<group>";
		};
		890D2F441CCF6ACE001E0AC7 /* NewFeature */ = {
			isa = PBXGroup;
			children = (
				890D2F451CCF6AF9001E0AC7 /* NewfeatureCollectionView.swift */,
			);
			path = NewFeature;
			sourceTree = "<group>";
		};
		89526A321CCF0A780093C4A7 /* OAuth */ = {
			isa = PBXGroup;
			children = (
				89044AF11CCF5B8800AB8E78 /* OAuthViewController.swift */,
				89044AF21CCF5B8800AB8E78 /* UserAccount.swift */,
			);
			path = OAuth;
			sourceTree = "<group>";
		};
		897CD1E11CCDAD0C00725A18 /* QRCode */ = {
			isa = PBXGroup;
			children = (
				897CD2221CCDF3F600725A18 /* nange.jpg */,
				897CD1E21CCDAD1F00725A18 /* QRCoderViewController.storyboard */,
				897CD1E41CCDAE7400725A18 /* QRCoderViewController.swift */,
				897CD2201CCDEE5900725A18 /* QRcodeCardViewController.swift */,
			);
			path = QRCode;
			sourceTree = "<group>";
		};
		8A1A7F27ABDD4383F044864F /* Pods */ = {
			isa = PBXGroup;
			children = (
				4536AE5FD056DC63727D7E39 /* Pods.debug.xcconfig */,
				54A6862B2C3BFC73D7B18621 /* Pods.release.xcconfig */,
			);
			name = Pods;
			sourceTree = "<group>";
		};
		AAE0F29B6007EDE7A94876D5 /* Frameworks */ = {
			isa = PBXGroup;
			children = (
				D5D6D51766CCDF65CADD295E /* Pods.framework */,
			);
			name = Frameworks;
			sourceTree = "<group>";
		};
/* End PBXGroup section */

/* Begin PBXNativeTarget section */
		890C9BC71CC9BEEF003B781E /* GiantWeibo */ = {
			isa = PBXNativeTarget;
			buildConfigurationList = 890C9BF01CC9BEF0003B781E /* Build configuration list for PBXNativeTarget "GiantWeibo" */;
			buildPhases = (
				10156D9315CFC52C64340627 /* Check Pods Manifest.lock */,
				890C9BC41CC9BEEF003B781E /* Sources */,
				890C9BC51CC9BEEF003B781E /* Frameworks */,
				890C9BC61CC9BEEF003B781E /* Resources */,
				E36D4113C122CA4A0FE76534 /* Embed Pods Frameworks */,
				45926B15F69DCB38D9384D87 /* Copy Pods Resources */,
			);
			buildRules = (
			);
			dependencies = (
			);
			name = GiantWeibo;
			productName = GiantWeibo;
			productReference = 890C9BC81CC9BEEF003B781E /* GiantWeibo.app */;
			productType = "com.apple.product-type.application";
		};
		890C9BDB1CC9BEF0003B781E /* GiantWeiboTests */ = {
			isa = PBXNativeTarget;
			buildConfigurationList = 890C9BF31CC9BEF0003B781E /* Build configuration list for PBXNativeTarget "GiantWeiboTests" */;
			buildPhases = (
				890C9BD81CC9BEF0003B781E /* Sources */,
				890C9BD91CC9BEF0003B781E /* Frameworks */,
				890C9BDA1CC9BEF0003B781E /* Resources */,
			);
			buildRules = (
			);
			dependencies = (
				890C9BDE1CC9BEF0003B781E /* PBXTargetDependency */,
			);
			name = GiantWeiboTests;
			productName = GiantWeiboTests;
			productReference = 890C9BDC1CC9BEF0003B781E /* GiantWeiboTests.xctest */;
			productType = "com.apple.product-type.bundle.unit-test";
		};
		890C9BE61CC9BEF0003B781E /* GiantWeiboUITests */ = {
			isa = PBXNativeTarget;
			buildConfigurationList = 890C9BF61CC9BEF0003B781E /* Build configuration list for PBXNativeTarget "GiantWeiboUITests" */;
			buildPhases = (
				890C9BE31CC9BEF0003B781E /* Sources */,
				890C9BE41CC9BEF0003B781E /* Frameworks */,
				890C9BE51CC9BEF0003B781E /* Resources */,
			);
			buildRules = (
			);
			dependencies = (
				890C9BE91CC9BEF0003B781E /* PBXTargetDependency */,
			);
			name = GiantWeiboUITests;
			productName = GiantWeiboUITests;
			productReference = 890C9BE71CC9BEF0003B781E /* GiantWeiboUITests.xctest */;
			productType = "com.apple.product-type.bundle.ui-testing";
		};
/* End PBXNativeTarget section */

/* Begin PBXProject section */
		890C9BC01CC9BEEF003B781E /* Project object */ = {
			isa = PBXProject;
			attributes = {
				LastSwiftUpdateCheck = 0730;
				LastUpgradeCheck = 0730;
				ORGANIZATIONNAME = SH15BG0110;
				TargetAttributes = {
					890C9BC71CC9BEEF003B781E = {
						CreatedOnToolsVersion = 7.3;
						DevelopmentTeam = NLJYPSHKU7;
					};
					890C9BDB1CC9BEF0003B781E = {
						CreatedOnToolsVersion = 7.3;
						TestTargetID = 890C9BC71CC9BEEF003B781E;
					};
					890C9BE61CC9BEF0003B781E = {
						CreatedOnToolsVersion = 7.3;
						TestTargetID = 890C9BC71CC9BEEF003B781E;
					};
				};
			};
			buildConfigurationList = 890C9BC31CC9BEEF003B781E /* Build configuration list for PBXProject "GiantWeibo" */;
			compatibilityVersion = "Xcode 3.2";
			developmentRegion = English;
			hasScannedForEncodings = 0;
			knownRegions = (
				en,
				Base,
			);
			mainGroup = 890C9BBF1CC9BEEF003B781E;
			productRefGroup = 890C9BC91CC9BEEF003B781E /* Products */;
			projectDirPath = "";
			projectRoot = "";
			targets = (
				890C9BC71CC9BEEF003B781E /* GiantWeibo */,
				890C9BDB1CC9BEF0003B781E /* GiantWeiboTests */,
				890C9BE61CC9BEF0003B781E /* GiantWeiboUITests */,
			);
		};
/* End PBXProject section */

/* Begin PBXResourcesBuildPhase section */
		890C9BC61CC9BEEF003B781E /* Resources */ = {
			isa = PBXResourcesBuildPhase;
			buildActionMask = 2147483647;
			files = (
				897CD1E31CCDAD1F00725A18 /* QRCoderViewController.storyboard in Resources */,
				890C9C0E1CC9CB79003B781E /* MainVCSettings.json in Resources */,
				890C9C201CCA195A003B781E /* PopverViewController.storyboard in Resources */,
				897CD2231CCDF3F600725A18 /* nange.jpg in Resources */,
				890C9BD31CC9BEEF003B781E /* Assets.xcassets in Resources */,
			);
			runOnlyForDeploymentPostprocessing = 0;
		};
		890C9BDA1CC9BEF0003B781E /* Resources */ = {
			isa = PBXResourcesBuildPhase;
			buildActionMask = 2147483647;
			files = (
			);
			runOnlyForDeploymentPostprocessing = 0;
		};
		890C9BE51CC9BEF0003B781E /* Resources */ = {
			isa = PBXResourcesBuildPhase;
			buildActionMask = 2147483647;
			files = (
			);
			runOnlyForDeploymentPostprocessing = 0;
		};
/* End PBXResourcesBuildPhase section */

/* Begin PBXShellScriptBuildPhase section */
		10156D9315CFC52C64340627 /* Check Pods Manifest.lock */ = {
			isa = PBXShellScriptBuildPhase;
			buildActionMask = 2147483647;
			files = (
			);
			inputPaths = (
			);
			name = "Check Pods Manifest.lock";
			outputPaths = (
			);
			runOnlyForDeploymentPostprocessing = 0;
			shellPath = /bin/sh;
			shellScript = "diff \"${PODS_ROOT}/../Podfile.lock\" \"${PODS_ROOT}/Manifest.lock\" > /dev/null\nif [[ $? != 0 ]] ; then\n    cat << EOM\nerror: The sandbox is not in sync with the Podfile.lock. Run 'pod install' or update your CocoaPods installation.\nEOM\n    exit 1\nfi\n";
			showEnvVarsInLog = 0;
		};
		45926B15F69DCB38D9384D87 /* Copy Pods Resources */ = {
			isa = PBXShellScriptBuildPhase;
			buildActionMask = 2147483647;
			files = (
			);
			inputPaths = (
			);
			name = "Copy Pods Resources";
			outputPaths = (
			);
			runOnlyForDeploymentPostprocessing = 0;
			shellPath = /bin/sh;
			shellScript = "\"${SRCROOT}/Pods/Target Support Files/Pods/Pods-resources.sh\"\n";
			showEnvVarsInLog = 0;
		};
		E36D4113C122CA4A0FE76534 /* Embed Pods Frameworks */ = {
			isa = PBXShellScriptBuildPhase;
			buildActionMask = 2147483647;
			files = (
			);
			inputPaths = (
			);
			name = "Embed Pods Frameworks";
			outputPaths = (
			);
			runOnlyForDeploymentPostprocessing = 0;
			shellPath = /bin/sh;
			shellScript = "\"${SRCROOT}/Pods/Target Support Files/Pods/Pods-frameworks.sh\"\n";
			showEnvVarsInLog = 0;
		};
/* End PBXShellScriptBuildPhase section */

/* Begin PBXSourcesBuildPhase section */
		890C9BC41CC9BEEF003B781E /* Sources */ = {
			isa = PBXSourcesBuildPhase;
			buildActionMask = 2147483647;
			files = (
				890C9C221CCA1B2B003B781E /* PopoverPresentationController.swift in Sources */,
				890C9C0A1CC9C63C003B781E /* ProfileTableViewController.swift in Sources */,
				890C9C241CCA1C6E003B781E /* PopoverViewController.swift in Sources */,
				890C9C041CC9C45F003B781E /* HomeTableViewController.swift in Sources */,
				89044AF41CCF5B8800AB8E78 /* UserAccount.swift in Sources */,
				890C9C111CC9EFF8003B781E /* BaseTableViewController.swift in Sources */,
				89526A361CCF19E80093C4A7 /* NetworkTools.swift in Sources */,
				89044AFA1CCF5C5C00AB8E78 /* DiscoverTableViewController.swift in Sources */,
				897CD1E51CCDAE7400725A18 /* QRCoderViewController.swift in Sources */,
				890C9C021CC9C441003B781E /* MainViewController.swift in Sources */,
				890D2F461CCF6AF9001E0AC7 /* NewfeatureCollectionView.swift in Sources */,
				890C9C081CC9C61F003B781E /* MessageTableViewController.swift in Sources */,
				890C9C171CCA0C45003B781E /* UIBarButtonItem+Category.swift in Sources */,
				890C9C151CC9F6F9003B781E /* UIView+AutoLayout.swift in Sources */,
				897CD2211CCDEE5900725A18 /* QRcodeCardViewController.swift in Sources */,
				89044AF31CCF5B8800AB8E78 /* OAuthViewController.swift in Sources */,
				897CD1E01CCDA54500725A18 /* PopoverAnimator.swift in Sources */,
				890C9C131CC9F2F5003B781E /* VisitorView.swift in Sources */,
				890C9BCC1CC9BEEF003B781E /* AppDelegate.swift in Sources */,
				89044AEC1CCF48BF00AB8E78 /* String+Category.swift in Sources */,
				890C9C1B1CCA0E43003B781E /* TitleButton.swift in Sources */,
				890C9C0F1CC9CB79003B781E /* NullViewController.swift in Sources */,
			);
			runOnlyForDeploymentPostprocessing = 0;
		};
		890C9BD81CC9BEF0003B781E /* Sources */ = {
			isa = PBXSourcesBuildPhase;
			buildActionMask = 2147483647;
			files = (
				890C9BE11CC9BEF0003B781E /* GiantWeiboTests.swift in Sources */,
			);
			runOnlyForDeploymentPostprocessing = 0;
		};
		890C9BE31CC9BEF0003B781E /* Sources */ = {
			isa = PBXSourcesBuildPhase;
			buildActionMask = 2147483647;
			files = (
				890C9BEC1CC9BEF0003B781E /* GiantWeiboUITests.swift in Sources */,
			);
			runOnlyForDeploymentPostprocessing = 0;
		};
/* End PBXSourcesBuildPhase section */

/* Begin PBXTargetDependency section */
		890C9BDE1CC9BEF0003B781E /* PBXTargetDependency */ = {
			isa = PBXTargetDependency;
			target = 890C9BC71CC9BEEF003B781E /* GiantWeibo */;
			targetProxy = 890C9BDD1CC9BEF0003B781E /* PBXContainerItemProxy */;
		};
		890C9BE91CC9BEF0003B781E /* PBXTargetDependency */ = {
			isa = PBXTargetDependency;
			target = 890C9BC71CC9BEEF003B781E /* GiantWeibo */;
			targetProxy = 890C9BE81CC9BEF0003B781E /* PBXContainerItemProxy */;
		};
/* End PBXTargetDependency section */

/* Begin XCBuildConfiguration section */
		890C9BEE1CC9BEF0003B781E /* Debug */ = {
			isa = XCBuildConfiguration;
			buildSettings = {
				ALWAYS_SEARCH_USER_PATHS = NO;
				CLANG_ANALYZER_NONNULL = YES;
				CLANG_CXX_LANGUAGE_STANDARD = "gnu++0x";
				CLANG_CXX_LIBRARY = "libc++";
				CLANG_ENABLE_MODULES = YES;
				CLANG_ENABLE_OBJC_ARC = YES;
				CLANG_WARN_BOOL_CONVERSION = YES;
				CLANG_WARN_CONSTANT_CONVERSION = YES;
				CLANG_WARN_DIRECT_OBJC_ISA_USAGE = YES_ERROR;
				CLANG_WARN_EMPTY_BODY = YES;
				CLANG_WARN_ENUM_CONVERSION = YES;
				CLANG_WARN_INT_CONVERSION = YES;
				CLANG_WARN_OBJC_ROOT_CLASS = YES_ERROR;
				CLANG_WARN_UNREACHABLE_CODE = YES;
				CLANG_WARN__DUPLICATE_METHOD_MATCH = YES;
				"CODE_SIGN_IDENTITY[sdk=iphoneos*]" = "iPhone Developer";
				COPY_PHASE_STRIP = NO;
				DEBUG_INFORMATION_FORMAT = dwarf;
				ENABLE_STRICT_OBJC_MSGSEND = YES;
				ENABLE_TESTABILITY = YES;
				GCC_C_LANGUAGE_STANDARD = gnu99;
				GCC_DYNAMIC_NO_PIC = NO;
				GCC_NO_COMMON_BLOCKS = YES;
				GCC_OPTIMIZATION_LEVEL = 0;
				GCC_PREPROCESSOR_DEFINITIONS = (
					"DEBUG=1",
					"$(inherited)",
				);
				GCC_WARN_64_TO_32_BIT_CONVERSION = YES;
				GCC_WARN_ABOUT_RETURN_TYPE = YES_ERROR;
				GCC_WARN_UNDECLARED_SELECTOR = YES;
				GCC_WARN_UNINITIALIZED_AUTOS = YES_AGGRESSIVE;
				GCC_WARN_UNUSED_FUNCTION = YES;
				GCC_WARN_UNUSED_VARIABLE = YES;
				IPHONEOS_DEPLOYMENT_TARGET = 9.3;
				MTL_ENABLE_DEBUG_INFO = YES;
				ONLY_ACTIVE_ARCH = YES;
				SDKROOT = iphoneos;
				SWIFT_OPTIMIZATION_LEVEL = "-Onone";
			};
			name = Debug;
		};
		890C9BEF1CC9BEF0003B781E /* Release */ = {
			isa = XCBuildConfiguration;
			buildSettings = {
				ALWAYS_SEARCH_USER_PATHS = NO;
				CLANG_ANALYZER_NONNULL = YES;
				CLANG_CXX_LANGUAGE_STANDARD = "gnu++0x";
				CLANG_CXX_LIBRARY = "libc++";
				CLANG_ENABLE_MODULES = YES;
				CLANG_ENABLE_OBJC_ARC = YES;
				CLANG_WARN_BOOL_CONVERSION = YES;
				CLANG_WARN_CONSTANT_CONVERSION = YES;
				CLANG_WARN_DIRECT_OBJC_ISA_USAGE = YES_ERROR;
				CLANG_WARN_EMPTY_BODY = YES;
				CLANG_WARN_ENUM_CONVERSION = YES;
				CLANG_WARN_INT_CONVERSION = YES;
				CLANG_WARN_OBJC_ROOT_CLASS = YES_ERROR;
				CLANG_WARN_UNREACHABLE_CODE = YES;
				CLANG_WARN__DUPLICATE_METHOD_MATCH = YES;
				"CODE_SIGN_IDENTITY[sdk=iphoneos*]" = "iPhone Developer";
				COPY_PHASE_STRIP = NO;
				DEBUG_INFORMATION_FORMAT = "dwarf-with-dsym";
				ENABLE_NS_ASSERTIONS = NO;
				ENABLE_STRICT_OBJC_MSGSEND = YES;
				GCC_C_LANGUAGE_STANDARD = gnu99;
				GCC_NO_COMMON_BLOCKS = YES;
				GCC_WARN_64_TO_32_BIT_CONVERSION = YES;
				GCC_WARN_ABOUT_RETURN_TYPE = YES_ERROR;
				GCC_WARN_UNDECLARED_SELECTOR = YES;
				GCC_WARN_UNINITIALIZED_AUTOS = YES_AGGRESSIVE;
				GCC_WARN_UNUSED_FUNCTION = YES;
				GCC_WARN_UNUSED_VARIABLE = YES;
				IPHONEOS_DEPLOYMENT_TARGET = 9.3;
				MTL_ENABLE_DEBUG_INFO = NO;
				SDKROOT = iphoneos;
				VALIDATE_PRODUCT = YES;
			};
			name = Release;
		};
		890C9BF11CC9BEF0003B781E /* Debug */ = {
			isa = XCBuildConfiguration;
			baseConfigurationReference = 4536AE5FD056DC63727D7E39 /* Pods.debug.xcconfig */;
			buildSettings = {
				ASSETCATALOG_COMPILER_APPICON_NAME = AppIcon;
				ASSETCATALOG_COMPILER_LAUNCHIMAGE_NAME = LaunchImage;
				CLANG_ENABLE_MODULES = YES;
				CODE_SIGN_IDENTITY = "iPhone Developer";
				INFOPLIST_FILE = GiantWeibo/Info.plist;
				IPHONEOS_DEPLOYMENT_TARGET = 8.0;
				LD_RUNPATH_SEARCH_PATHS = "$(inherited) @executable_path/Frameworks";
				PRODUCT_BUNDLE_IDENTIFIER = zgy.GiantWeibo;
				PRODUCT_NAME = "$(TARGET_NAME)";
				SWIFT_OBJC_BRIDGING_HEADER = "GiantWeibo/Classes/Main/GiantWeibo-Bridging-Header.h";
				SWIFT_OPTIMIZATION_LEVEL = "-Onone";
			};
			name = Debug;
		};
		890C9BF21CC9BEF0003B781E /* Release */ = {
			isa = XCBuildConfiguration;
			baseConfigurationReference = 54A6862B2C3BFC73D7B18621 /* Pods.release.xcconfig */;
			buildSettings = {
				ASSETCATALOG_COMPILER_APPICON_NAME = AppIcon;
				ASSETCATALOG_COMPILER_LAUNCHIMAGE_NAME = LaunchImage;
				CLANG_ENABLE_MODULES = YES;
				CODE_SIGN_IDENTITY = "iPhone Developer";
				INFOPLIST_FILE = GiantWeibo/Info.plist;
				IPHONEOS_DEPLOYMENT_TARGET = 8.0;
				LD_RUNPATH_SEARCH_PATHS = "$(inherited) @executable_path/Frameworks";
				PRODUCT_BUNDLE_IDENTIFIER = zgy.GiantWeibo;
				PRODUCT_NAME = "$(TARGET_NAME)";
				SWIFT_OBJC_BRIDGING_HEADER = "GiantWeibo/Classes/Main/GiantWeibo-Bridging-Header.h";
			};
			name = Release;
		};
		890C9BF41CC9BEF0003B781E /* Debug */ = {
			isa = XCBuildConfiguration;
			buildSettings = {
				BUNDLE_LOADER = "$(TEST_HOST)";
				INFOPLIST_FILE = GiantWeiboTests/Info.plist;
				LD_RUNPATH_SEARCH_PATHS = "$(inherited) @executable_path/Frameworks @loader_path/Frameworks";
				PRODUCT_BUNDLE_IDENTIFIER = zgy.GiantWeiboTests;
				PRODUCT_NAME = "$(TARGET_NAME)";
				TEST_HOST = "$(BUILT_PRODUCTS_DIR)/GiantWeibo.app/GiantWeibo";
			};
			name = Debug;
		};
		890C9BF51CC9BEF0003B781E /* Release */ = {
			isa = XCBuildConfiguration;
			buildSettings = {
				BUNDLE_LOADER = "$(TEST_HOST)";
				INFOPLIST_FILE = GiantWeiboTests/Info.plist;
				LD_RUNPATH_SEARCH_PATHS = "$(inherited) @executable_path/Frameworks @loader_path/Frameworks";
				PRODUCT_BUNDLE_IDENTIFIER = zgy.GiantWeiboTests;
				PRODUCT_NAME = "$(TARGET_NAME)";
				TEST_HOST = "$(BUILT_PRODUCTS_DIR)/GiantWeibo.app/GiantWeibo";
			};
			name = Release;
		};
		890C9BF71CC9BEF0003B781E /* Debug */ = {
			isa = XCBuildConfiguration;
			buildSettings = {
				INFOPLIST_FILE = GiantWeiboUITests/Info.plist;
				LD_RUNPATH_SEARCH_PATHS = "$(inherited) @executable_path/Frameworks @loader_path/Frameworks";
				PRODUCT_BUNDLE_IDENTIFIER = zgy.GiantWeiboUITests;
				PRODUCT_NAME = "$(TARGET_NAME)";
				TEST_TARGET_NAME = GiantWeibo;
			};
			name = Debug;
		};
		890C9BF81CC9BEF0003B781E /* Release */ = {
			isa = XCBuildConfiguration;
			buildSettings = {
				INFOPLIST_FILE = GiantWeiboUITests/Info.plist;
				LD_RUNPATH_SEARCH_PATHS = "$(inherited) @executable_path/Frameworks @loader_path/Frameworks";
				PRODUCT_BUNDLE_IDENTIFIER = zgy.GiantWeiboUITests;
				PRODUCT_NAME = "$(TARGET_NAME)";
				TEST_TARGET_NAME = GiantWeibo;
			};
			name = Release;
		};
/* End XCBuildConfiguration section */

/* Begin XCConfigurationList section */
		890C9BC31CC9BEEF003B781E /* Build configuration list for PBXProject "GiantWeibo" */ = {
			isa = XCConfigurationList;
			buildConfigurations = (
				890C9BEE1CC9BEF0003B781E /* Debug */,
				890C9BEF1CC9BEF0003B781E /* Release */,
			);
			defaultConfigurationIsVisible = 0;
			defaultConfigurationName = Release;
		};
		890C9BF01CC9BEF0003B781E /* Build configuration list for PBXNativeTarget "GiantWeibo" */ = {
			isa = XCConfigurationList;
			buildConfigurations = (
				890C9BF11CC9BEF0003B781E /* Debug */,
				890C9BF21CC9BEF0003B781E /* Release */,
			);
			defaultConfigurationIsVisible = 0;
			defaultConfigurationName = Release;
		};
		890C9BF31CC9BEF0003B781E /* Build configuration list for PBXNativeTarget "GiantWeiboTests" */ = {
			isa = XCConfigurationList;
			buildConfigurations = (
				890C9BF41CC9BEF0003B781E /* Debug */,
				890C9BF51CC9BEF0003B781E /* Release */,
			);
			defaultConfigurationIsVisible = 0;
			defaultConfigurationName = Release;
		};
		890C9BF61CC9BEF0003B781E /* Build configuration list for PBXNativeTarget "GiantWeiboUITests" */ = {
			isa = XCConfigurationList;
			buildConfigurations = (
				890C9BF71CC9BEF0003B781E /* Debug */,
				890C9BF81CC9BEF0003B781E /* Release */,
			);
			defaultConfigurationIsVisible = 0;
			defaultConfigurationName = Release;
		};
/* End XCConfigurationList section */
	};
	rootObject = 890C9BC01CC9BEEF003B781E /* Project object */;
}
